
Microsoft Visual Studio Solution File, Format Version 12.00
# Visual Studio 14
VisualStudioVersion = 14.0.25420.1
MinimumVisualStudioVersion = 10.0.40219.1
Project("{FAE04EC0-301F-11D3-BF4B-00C04F79EFBC}") = "SampSharp.UI", "src\SampSharp.UI\SampSharp.UI.csproj", "{2FE9B106-656A-4D1B-97C2-A7F2453408C1}"
EndProject
Project("{FAE04EC0-301F-11D3-BF4B-00C04F79EFBC}") = "TestMode", "src\TestMode\TestMode.csproj", "{14D59C17-CF19-4619-8FC0-1CDB37B9E3D0}"
EndProject
Project("{FAE04EC0-301F-11D3-BF4B-00C04F79EFBC}") = "SampSharp.GameMode", "..\sampsharp\src\SampSharp.GameMode\SampSharp.GameMode.csproj", "{CCFB350D-BD04-41AB-A9F8-79767E94727E}"
EndProject
Global
	GlobalSection(SolutionConfigurationPlatforms) = preSolution
		Debug|Any CPU = Debug|Any CPU
		Release|Any CPU = Release|Any CPU
	EndGlobalSection
	GlobalSection(ProjectConfigurationPlatforms) = postSolution
		{2FE9B106-656A-4D1B-97C2-A7F2453408C1}.Debug|Any CPU.ActiveCfg = Debug|Any CPU
		{2FE9B106-656A-4D1B-97C2-A7F2453408C1}.Debug|Any CPU.Build.0 = Debug|Any CPU
		{2FE9B106-656A-4D1B-97C2-A7F2453408C1}.Release|Any CPU.ActiveCfg = Release|Any CPU
		{2FE9B106-656A-4D1B-97C2-A7F2453408C1}.Release|Any CPU.Build.0 = Release|Any CPU
		{14D59C17-CF19-4619-8FC0-1CDB37B9E3D0}.Debug|Any CPU.ActiveCfg = Debug|Any CPU
		{14D59C17-CF19-4619-8FC0-1CDB37B9E3D0}.Debug|Any CPU.Build.0 = Debug|Any CPU
		{14D59C17-CF19-4619-8FC0-1CDB37B9E3D0}.Release|Any CPU.ActiveCfg = Release|Any CPU
		{14D59C17-CF19-4619-8FC0-1CDB37B9E3D0}.Release|Any CPU.Build.0 = Release|Any CPU
		{CCFB350D-BD04-41AB-A9F8-79767E94727E}.Debug|Any CPU.ActiveCfg = Debug|Any CPU
		{CCFB350D-BD04-41AB-A9F8-79767E94727E}.Debug|Any CPU.Build.0 = Debug|Any CPU
		{CCFB350D-BD04-41AB-A9F8-79767E94727E}.Release|Any CPU.ActiveCfg = Release|Any CPU
		{CCFB350D-BD04-41AB-A9F8-79767E94727E}.Release|Any CPU.Build.0 = Release|Any CPU
	EndGlobalSection
	GlobalSection(SolutionProperties) = preSolution
		HideSolutionNode = FALSE
	EndGlobalSection
EndGlobal
